
Microsoft Visual Studio Solution File, Format Version 12.00
# Visual Studio Version 17
VisualStudioVersion = 17.8.34330.188
MinimumVisualStudioVersion = 10.0.40219.1
Project("{9A19103F-16F7-4668-BE54-9A1E7A4F7556}") = "TlsModel.Client", "TlsModel.Client\TlsModel.Client.csproj", "{7367B775-E61F-4E04-BA11-1D2804D54F00}"
EndProject
Project("{9A19103F-16F7-4668-BE54-9A1E7A4F7556}") = "TlsModel.Server", "TlsModel.Server\TlsModel.Server.csproj", "{3E86BC32-3777-4744-A9DF-09554680CAF9}"
EndProject
Global
	GlobalSection(SolutionConfigurationPlatforms) = preSolution
		Debug|Any CPU = Debug|Any CPU
		Debug|x86 = Debug|x86
		Release|Any CPU = Release|Any CPU
		Release|x86 = Release|x86
	EndGlobalSection
	GlobalSection(ProjectConfigurationPlatforms) = postSolution
		{7367B775-E61F-4E04-BA11-1D2804D54F00}.Debug|Any CPU.ActiveCfg = Debug|Any CPU
		{7367B775-E61F-4E04-BA11-1D2804D54F00}.Debug|Any CPU.Build.0 = Debug|Any CPU
		{7367B775-E61F-4E04-BA11-1D2804D54F00}.Debug|x86.ActiveCfg = Debug|x86
		{7367B775-E61F-4E04-BA11-1D2804D54F00}.Debug|x86.Build.0 = Debug|x86
		{7367B775-E61F-4E04-BA11-1D2804D54F00}.Release|Any CPU.ActiveCfg = Release|Any CPU
		{7367B775-E61F-4E04-BA11-1D2804D54F00}.Release|Any CPU.Build.0 = Release|Any CPU
		{7367B775-E61F-4E04-BA11-1D2804D54F00}.Release|x86.ActiveCfg = Release|x86
		{7367B775-E61F-4E04-BA11-1D2804D54F00}.Release|x86.Build.0 = Release|x86
		{3E86BC32-3777-4744-A9DF-09554680CAF9}.Debug|Any CPU.ActiveCfg = Debug|Any CPU
		{3E86BC32-3777-4744-A9DF-09554680CAF9}.Debug|Any CPU.Build.0 = Debug|Any CPU
		{3E86BC32-3777-4744-A9DF-09554680CAF9}.Debug|x86.ActiveCfg = Debug|x86
		{3E86BC32-3777-4744-A9DF-09554680CAF9}.Debug|x86.Build.0 = Debug|x86
		{3E86BC32-3777-4744-A9DF-09554680CAF9}.Release|Any CPU.ActiveCfg = Release|Any CPU
		{3E86BC32-3777-4744-A9DF-09554680CAF9}.Release|Any CPU.Build.0 = Release|Any CPU
		{3E86BC32-3777-4744-A9DF-09554680CAF9}.Release|x86.ActiveCfg = Release|x86
		{3E86BC32-3777-4744-A9DF-09554680CAF9}.Release|x86.Build.0 = Release|x86
	EndGlobalSection
	GlobalSection(SolutionProperties) = preSolution
		HideSolutionNode = FALSE
	EndGlobalSection
	GlobalSection(ExtensibilityGlobals) = postSolution
		SolutionGuid = {B5CD4B7F-E4A8-4137-8F16-35799AC707CC}
	EndGlobalSection
EndGlobal
